// !$*UTF8*$!
{
	archiveVersion = 1;
	classes = {
	};
	objectVersion = 46;
	objects = {

/* Begin PBXBuildFile section */
		F44247821DA6439300F3F437 /* AppDelegate.swift in Sources */ = {isa = PBXBuildFile; fileRef = F44247811DA6439300F3F437 /* AppDelegate.swift */; };
		F44247871DA6439300F3F437 /* Main.storyboard in Resources */ = {isa = PBXBuildFile; fileRef = F44247851DA6439300F3F437 /* Main.storyboard */; };
		F44247891DA6439300F3F437 /* Assets.xcassets in Resources */ = {isa = PBXBuildFile; fileRef = F44247881DA6439300F3F437 /* Assets.xcassets */; };
		F442478C1DA6439300F3F437 /* LaunchScreen.storyboard in Resources */ = {isa = PBXBuildFile; fileRef = F442478A1DA6439300F3F437 /* LaunchScreen.storyboard */; };
		F44247941DA6462E00F3F437 /* RestaurantTableViewController.swift in Sources */ = {isa = PBXBuildFile; fileRef = F44247931DA6462E00F3F437 /* RestaurantTableViewController.swift */; };
		F44247961DA6465600F3F437 /* MapViewController.swift in Sources */ = {isa = PBXBuildFile; fileRef = F44247951DA6465600F3F437 /* MapViewController.swift */; };
		F44247981DA6471000F3F437 /* Restaurant.swift in Sources */ = {isa = PBXBuildFile; fileRef = F44247971DA6471000F3F437 /* Restaurant.swift */; };
		F442479B1DA6489E00F3F437 /* MapKit.framework in Frameworks */ = {isa = PBXBuildFile; fileRef = F442479A1DA6489E00F3F437 /* MapKit.framework */; };
/* End PBXBuildFile section */

/* Begin PBXFileReference section */
		F442477E1DA6439300F3F437 /* MapKitDirection.app */ = {isa = PBXFileReference; explicitFileType = wrapper.application; includeInIndex = 0; path = MapKitDirection.app; sourceTree = BUILT_PRODUCTS_DIR; };
		F44247811DA6439300F3F437 /* AppDelegate.swift */ = {isa = PBXFileReference; lastKnownFileType = sourcecode.swift; path = AppDelegate.swift; sourceTree = "<group>"; };
		F44247861DA6439300F3F437 /* Base */ = {isa = PBXFileReference; lastKnownFileType = file.storyboard; name = Base; path = Base.lproj/Main.storyboard; sourceTree = "<group>"; };
		F44247881DA6439300F3F437 /* Assets.xcassets */ = {isa = PBXFileReference; lastKnownFileType = folder.assetcatalog; path = Assets.xcassets; sourceTree = "<group>"; };
		F442478B1DA6439300F3F437 /* Base */ = {isa = PBXFileReference; lastKnownFileType = file.storyboard; name = Base; path = Base.lproj/LaunchScreen.storyboard; sourceTree = "<group>"; };
		F442478D1DA6439300F3F437 /* Info.plist */ = {isa = PBXFileReference; lastKnownFileType = text.plist.xml; path = Info.plist; sourceTree = "<group>"; };
		F44247931DA6462E00F3F437 /* RestaurantTableViewController.swift */ = {isa = PBXFileReference; fileEncoding = 4; lastKnownFileType = sourcecode.swift; path = RestaurantTableViewController.swift; sourceTree = "<group>"; };
		F44247951DA6465600F3F437 /* MapViewController.swift */ = {isa = PBXFileReference; fileEncoding = 4; lastKnownFileType = sourcecode.swift; path = MapViewController.swift; sourceTree = "<group>"; };
		F44247971DA6471000F3F437 /* Restaurant.swift */ = {isa = PBXFileReference; fileEncoding = 4; lastKnownFileType = sourcecode.swift; path = Restaurant.swift; sourceTree = "<group>"; };
		F442479A1DA6489E00F3F437 /* MapKit.framework */ = {isa = PBXFileReference; lastKnownFileType = wrapper.framework; name = MapKit.framework; path = System/Library/Frameworks/MapKit.framework; sourceTree = SDKROOT; };
/* End PBXFileReference section */

/* Begin PBXFrameworksBuildPhase section */
		F442477B1DA6439300F3F437 /* Frameworks */ = {
			isa = PBXFrameworksBuildPhase;
			buildActionMask = 2147483647;
			files = (
				F442479B1DA6489E00F3F437 /* MapKit.framework in Frameworks */,
			);
			runOnlyForDeploymentPostprocessing = 0;
		};
/* End PBXFrameworksBuildPhase section */

/* Begin PBXGroup section */
		F44247751DA6439300F3F437 = {
			isa = PBXGroup;
			children = (
				F44247801DA6439300F3F437 /* MapKitDirection */,
				F442477F1DA6439300F3F437 /* Products */,
				F44247991DA6489E00F3F437 /* Frameworks */,
			);
			sourceTree = "<group>";
		};
		F442477F1DA6439300F3F437 /* Products */ = {
			isa = PBXGroup;
			children = (
				F442477E1DA6439300F3F437 /* MapKitDirection.app */,
			);
			name = Products;
			sourceTree = "<group>";
		};
		F44247801DA6439300F3F437 /* MapKitDirection */ = {
			isa = PBXGroup;
			children = (
				F44247811DA6439300F3F437 /* AppDelegate.swift */,
				F44247851DA6439300F3F437 /* Main.storyboard */,
				F44247881DA6439300F3F437 /* Assets.xcassets */,
				F442478A1DA6439300F3F437 /* LaunchScreen.storyboard */,
				F442478D1DA6439300F3F437 /* Info.plist */,
				F44247931DA6462E00F3F437 /* RestaurantTableViewController.swift */,
				F44247951DA6465600F3F437 /* MapViewController.swift */,
				F44247971DA6471000F3F437 /* Restaurant.swift */,
			);
			path = MapKitDirection;
			sourceTree = "<group>";
		};
		F44247991DA6489E00F3F437 /* Frameworks */ = {
			isa = PBXGroup;
			children = (
				F442479A1DA6489E00F3F437 /* MapKit.framework */,
			);
			name = Frameworks;
			sourceTree = "<group>";
		};
/* End PBXGroup section */

/* Begin PBXNativeTarget section */
		F442477D1DA6439300F3F437 /* MapKitDirection */ = {
			isa = PBXNativeTarget;
			buildConfigurationList = F44247901DA6439300F3F437 /* Build configuration list for PBXNativeTarget "MapKitDirection" */;
			buildPhases = (
				F442477A1DA6439300F3F437 /* Sources */,
				F442477B1DA6439300F3F437 /* Frameworks */,
				F442477C1DA6439300F3F437 /* Resources */,
			);
			buildRules = (
			);
			dependencies = (
			);
			name = MapKitDirection;
			productName = MapKitDirection;
			productReference = F442477E1DA6439300F3F437 /* MapKitDirection.app */;
			productType = "com.apple.product-type.application";
		};
/* End PBXNativeTarget section */

/* Begin PBXProject section */
		F44247761DA6439300F3F437 /* Project object */ = {
			isa = PBXProject;
			attributes = {
				LastSwiftUpdateCheck = 0800;
				LastUpgradeCheck = 0900;
				ORGANIZATIONNAME = AppCoda;
				TargetAttributes = {
					F442477D1DA6439300F3F437 = {
						CreatedOnToolsVersion = 8.0;
						LastSwiftMigration = 0900;
						ProvisioningStyle = Automatic;
						SystemCapabilities = {
							com.apple.Maps.iOS = {
								enabled = 1;
							};
						};
					};
				};
			};
			buildConfigurationList = F44247791DA6439300F3F437 /* Build configuration list for PBXProject "MapKitDirection" */;
			compatibilityVersion = "Xcode 3.2";
			developmentRegion = English;
			hasScannedForEncodings = 0;
			knownRegions = (
				en,
				Base,
			);
			mainGroup = F44247751DA6439300F3F437;
			productRefGroup = F442477F1DA6439300F3F437 /* Products */;
			projectDirPath = "";
			projectRoot = "";
			targets = (
				F442477D1DA6439300F3F437 /* MapKitDirection */,
			);
		};
/* End PBXProject section */

/* Begin PBXResourcesBuildPhase section */
		F442477C1DA6439300F3F437 /* Resources */ = {
			isa = PBXResourcesBuildPhase;
			buildActionMask = 2147483647;
			files = (
				F442478C1DA6439300F3F437 /* LaunchScreen.storyboard in Resources */,
				F44247891DA6439300F3F437 /* Assets.xcassets in Resources */,
				F44247871DA6439300F3F437 /* Main.storyboard in Resources */,
			);
			runOnlyForDeploymentPostprocessing = 0;
		};
/* End PBXResourcesBuildPhase section */

/* Begin PBXSourcesBuildPhase section */
		F442477A1DA6439300F3F437 /* Sources */ = {
			isa = PBXSourcesBuildPhase;
			buildActionMask = 2147483647;
			files = (
				F44247941DA6462E00F3F437 /* RestaurantTableViewController.swift in Sources */,
				F44247981DA6471000F3F437 /* Restaurant.swift in Sources */,
				F44247961DA6465600F3F437 /* MapViewController.swift in Sources */,
				F44247821DA6439300F3F437 /* AppDelegate.swift in Sources */,
			);
			runOnlyForDeploymentPostprocessing = 0;
		};
/* End PBXSourcesBuildPhase section */

/* Begin PBXVariantGroup section */
		F44247851DA6439300F3F437 /* Main.storyboard */ = {
			isa = PBXVariantGroup;
			children = (
				F44247861DA6439300F3F437 /* Base */,
			);
			name = Main.storyboard;
			sourceTree = "<group>";
		};
		F442478A1DA6439300F3F437 /* LaunchScreen.storyboard */ = {
			isa = PBXVariantGroup;
			children = (
				F442478B1DA6439300F3F437 /* Base */,
			);
			name = LaunchScreen.storyboard;
			sourceTree = "<group>";
		};
/* End PBXVariantGroup section */

/* Begin XCBuildConfiguration section */
		F442478E1DA6439300F3F437 /* Debug */ = {
			isa = XCBuildConfiguration;
			buildSettings = {
				ALWAYS_SEARCH_USER_PATHS = NO;
				CLANG_ANALYZER_NONNULL = YES;
				CLANG_CXX_LANGUAGE_STANDARD = "gnu++0x";
				CLANG_CXX_LIBRARY = "libc++";
				CLANG_ENABLE_MODULES = YES;
				CLANG_ENABLE_OBJC_ARC = YES;
				CLANG_WARN_BLOCK_CAPTURE_AUTORELEASING = YES;
				CLANG_WARN_BOOL_CONVERSION = YES;
				CLANG_WARN_COMMA = YES;
				CLANG_WARN_CONSTANT_CONVERSION = YES;
				CLANG_WARN_DIRECT_OBJC_ISA_USAGE = YES_ERROR;
				CLANG_WARN_DOCUMENTATION_COMMENTS = YES;
				CLANG_WARN_EMPTY_BODY = YES;
				CLANG_WARN_ENUM_CONVERSION = YES;
				CLANG_WARN_INFINITE_RECURSION = YES;
				CLANG_WARN_INT_CONVERSION = YES;
				CLANG_WARN_NON_LITERAL_NULL_CONVERSION = YES;
				CLANG_WARN_OBJC_LITERAL_CONVERSION = YES;
				CLANG_WARN_OBJC_ROOT_CLASS = YES_ERROR;
				CLANG_WARN_RANGE_LOOP_ANALYSIS = YES;
				CLANG_WARN_STRICT_PROTOTYPES = YES;
				CLANG_WARN_SUSPICIOUS_MOVE = YES;
				CLANG_WARN_SUSPICIOUS_MOVES = YES;
				CLANG_WARN_UNREACHABLE_CODE = YES;
				CLANG_WARN__DUPLICATE_METHOD_MATCH = YES;
				"CODE_SIGN_IDENTITY[sdk=iphoneos*]" = "iPhone Developer";
				COPY_PHASE_STRIP = NO;
				DEBUG_INFORMATION_FORMAT = dwarf;
				ENABLE_STRICT_OBJC_MSGSEND = YES;
				ENABLE_TESTABILITY = YES;
				GCC_C_LANGUAGE_STANDARD = gnu99;
				GCC_DYNAMIC_NO_PIC = NO;
				GCC_NO_COMMON_BLOCKS = YES;
				GCC_OPTIMIZATION_LEVEL = 0;
				GCC_PREPROCESSOR_DEFINITIONS = (
					"DEBUG=1",
					"$(inherited)",
				);
				GCC_WARN_64_TO_32_BIT_CONVERSION = YES;
				GCC_WARN_ABOUT_RETURN_TYPE = YES_ERROR;
				GCC_WARN_UNDECLARED_SELECTOR = YES;
				GCC_WARN_UNINITIALIZED_AUTOS = YES_AGGRESSIVE;
				GCC_WARN_UNUSED_FUNCTION = YES;
				GCC_WARN_UNUSED_VARIABLE = YES;
				IPHONEOS_DEPLOYMENT_TARGET = 10.0;
				MTL_ENABLE_DEBUG_INFO = YES;
				ONLY_ACTIVE_ARCH = YES;
				SDKROOT = iphoneos;
				SWIFT_ACTIVE_COMPILATION_CONDITIONS = DEBUG;
				SWIFT_OPTIMIZATION_LEVEL = "-Onone";
				TARGETED_DEVICE_FAMILY = "1,2";
			};
			name = Debug;
		};
		F442478F1DA6439300F3F437 /* Release */ = {
			isa = XCBuildConfiguration;
			buildSettings = {
				ALWAYS_SEARCH_USER_PATHS = NO;
				CLANG_ANALYZER_NONNULL = YES;
				CLANG_CXX_LANGUAGE_STANDARD = "gnu++0x";
				CLANG_CXX_LIBRARY = "libc++";
				CLANG_ENABLE_MODULES = YES;
				CLANG_ENABLE_OBJC_ARC = YES;
				CLANG_WARN_BLOCK_CAPTURE_AUTORELEASING = YES;
				CLANG_WARN_BOOL_CONVERSION = YES;
				CLANG_WARN_COMMA = YES;
				CLANG_WARN_CONSTANT_CONVERSION = YES;
				CLANG_WARN_DIRECT_OBJC_ISA_USAGE = YES_ERROR;
				CLANG_WARN_DOCUMENTATION_COMMENTS = YES;
				CLANG_WARN_EMPTY_BODY = YES;
				CLANG_WARN_ENUM_CONVERSION = YES;
				CLANG_WARN_INFINITE_RECURSION = YES;
				CLANG_WARN_INT_CONVERSION = YES;
				CLANG_WARN_NON_LITERAL_NULL_CONVERSION = YES;
				CLANG_WARN_OBJC_LITERAL_CONVERSION = YES;
				CLANG_WARN_OBJC_ROOT_CLASS = YES_ERROR;
				CLANG_WARN_RANGE_LOOP_ANALYSIS = YES;
				CLANG_WARN_STRICT_PROTOTYPES = YES;
				CLANG_WARN_SUSPICIOUS_MOVE = YES;
				CLANG_WARN_SUSPICIOUS_MOVES = YES;
				CLANG_WARN_UNREACHABLE_CODE = YES;
				CLANG_WARN__DUPLICATE_METHOD_MATCH = YES;
				"CODE_SIGN_IDENTITY[sdk=iphoneos*]" = "iPhone Developer";
				COPY_PHASE_STRIP = NO;
				DEBUG_INFORMATION_FORMAT = "dwarf-with-dsym";
				ENABLE_NS_ASSERTIONS = NO;
				ENABLE_STRICT_OBJC_MSGSEND = YES;
				GCC_C_LANGUAGE_STANDARD = gnu99;
				GCC_NO_COMMON_BLOCKS = YES;
				GCC_WARN_64_TO_32_BIT_CONVERSION = YES;
				GCC_WARN_ABOUT_RETURN_TYPE = YES_ERROR;
				GCC_WARN_UNDECLARED_SELECTOR = YES;
				GCC_WARN_UNINITIALIZED_AUTOS = YES_AGGRESSIVE;
				GCC_WARN_UNUSED_FUNCTION = YES;
				GCC_WARN_UNUSED_VARIABLE = YES;
				IPHONEOS_DEPLOYMENT_TARGET = 10.0;
				MTL_ENABLE_DEBUG_INFO = NO;
				SDKROOT = iphoneos;
				SWIFT_OPTIMIZATION_LEVEL = "-Owholemodule";
				TARGETED_DEVICE_FAMILY = "1,2";
				VALIDATE_PRODUCT = YES;
			};
			name = Release;
		};
		F44247911DA6439300F3F437 /* Debug */ = {
			isa = XCBuildConfiguration;
			buildSettings = {
				ASSETCATALOG_COMPILER_APPICON_NAME = AppIcon;
				INFOPLIST_FILE = MapKitDirection/Info.plist;
				IPHONEOS_DEPLOYMENT_TARGET = 10.0;
				LD_RUNPATH_SEARCH_PATHS = "$(inherited) @executable_path/Frameworks";
				PRODUCT_BUNDLE_IDENTIFIER = com.appcoda.MapKitDirection;
				PRODUCT_NAME = "$(TARGET_NAME)";
				SWIFT_SWIFT3_OBJC_INFERENCE = Off;
				SWIFT_VERSION = 4.0;
			};
			name = Debug;
		};
		F44247921DA6439300F3F437 /* Release */ = {
			isa = XCBuildConfiguration;
			buildSettings = {
				ASSETCATALOG_COMPILER_APPICON_NAME = AppIcon;
				INFOPLIST_FILE = MapKitDirection/Info.plist;
				IPHONEOS_DEPLOYMENT_TARGET = 10.0;
				LD_RUNPATH_SEARCH_PATHS = "$(inherited) @executable_path/Frameworks";
				PRODUCT_BUNDLE_IDENTIFIER = com.appcoda.MapKitDirection;
				PRODUCT_NAME = "$(TARGET_NAME)";
				SWIFT_SWIFT3_OBJC_INFERENCE = Off;
				SWIFT_VERSION = 4.0;
			};
			name = Release;
		};
/* End XCBuildConfiguration section */

/* Begin XCConfigurationList section */
		F44247791DA6439300F3F437 /* Build configuration list for PBXProject "MapKitDirection" */ = {
			isa = XCConfigurationList;
			buildConfigurations = (
				F442478E1DA6439300F3F437 /* Debug */,
				F442478F1DA6439300F3F437 /* Release */,
			);
			defaultConfigurationIsVisible = 0;
			defaultConfigurationName = Release;
		};
		F44247901DA6439300F3F437 /* Build configuration list for PBXNativeTarget "MapKitDirection" */ = {
			isa = XCConfigurationList;
			buildConfigurations = (
				F44247911DA6439300F3F437 /* Debug */,
				F44247921DA6439300F3F437 /* Release */,
			);
			defaultConfigurationIsVisible = 0;
			defaultConfigurationName = Release;
		};
/* End XCConfigurationList section */
	};
	rootObject = F44247761DA6439300F3F437 /* Project object */;
}
